
Microsoft Visual Studio Solution File, Format Version 12.00
# Visual Studio Version 17
VisualStudioVersion = 17.0.32112.339
MinimumVisualStudioVersion = 10.0.40219.1
Project("{FAE04EC0-301F-11D3-BF4B-00C04F79EFBC}") = "UsuarioCRUD", "UsuarioCRUD\UsuarioCRUD.csproj", "{129550E8-D45C-44C5-AFCA-A59305B26BF2}"
EndProject
Global
	GlobalSection(SolutionConfigurationPlatforms) = preSolution
		Debug|Any CPU = Debug|Any CPU
		Release|Any CPU = Release|Any CPU
	EndGlobalSection
	GlobalSection(ProjectConfigurationPlatforms) = postSolution
		{129550E8-D45C-44C5-AFCA-A59305B26BF2}.Debug|Any CPU.ActiveCfg = Debug|Any CPU
		{129550E8-D45C-44C5-AFCA-A59305B26BF2}.Debug|Any CPU.Build.0 = Debug|Any CPU
		{129550E8-D45C-44C5-AFCA-A59305B26BF2}.Release|Any CPU.ActiveCfg = Release|Any CPU
		{129550E8-D45C-44C5-AFCA-A59305B26BF2}.Release|Any CPU.Build.0 = Release|Any CPU
	EndGlobalSection
	GlobalSection(SolutionProperties) = preSolution
		HideSolutionNode = FALSE
	EndGlobalSection
	GlobalSection(ExtensibilityGlobals) = postSolution
		SolutionGuid = {B3FE1F26-6C42-4A6D-BE33-891A41922EC5}
	EndGlobalSection
EndGlobal
